
Microsoft Visual Studio Solution File, Format Version 12.00
# Visual Studio Version 17
VisualStudioVersion = 17.8.34330.188
MinimumVisualStudioVersion = 10.0.40219.1
Project("{FAE04EC0-301F-11D3-BF4B-00C04F79EFBC}") = "Factory_method", "Design_Patterns\Factory_method.csproj", "{34F1D1D1-8E87-4B99-9D42-6836CB4D14EC}"
EndProject
Project("{2150E333-8FDC-42A3-9474-1A3956D46DE8}") = "Creational", "Creational", "{ADA9890A-EB95-4656-9024-F580904BC363}"
EndProject
Global
	GlobalSection(SolutionConfigurationPlatforms) = preSolution
		Debug|Any CPU = Debug|Any CPU
		Release|Any CPU = Release|Any CPU
	EndGlobalSection
	GlobalSection(ProjectConfigurationPlatforms) = postSolution
		{34F1D1D1-8E87-4B99-9D42-6836CB4D14EC}.Debug|Any CPU.ActiveCfg = Debug|Any CPU
		{34F1D1D1-8E87-4B99-9D42-6836CB4D14EC}.Debug|Any CPU.Build.0 = Debug|Any CPU
		{34F1D1D1-8E87-4B99-9D42-6836CB4D14EC}.Release|Any CPU.ActiveCfg = Release|Any CPU
		{34F1D1D1-8E87-4B99-9D42-6836CB4D14EC}.Release|Any CPU.Build.0 = Release|Any CPU
	EndGlobalSection
	GlobalSection(SolutionProperties) = preSolution
		HideSolutionNode = FALSE
	EndGlobalSection
	GlobalSection(NestedProjects) = preSolution
		{34F1D1D1-8E87-4B99-9D42-6836CB4D14EC} = {ADA9890A-EB95-4656-9024-F580904BC363}
	EndGlobalSection
	GlobalSection(ExtensibilityGlobals) = postSolution
		SolutionGuid = {40B3673B-F86C-4675-8B7C-E19C9F2CCCB6}
	EndGlobalSection
EndGlobal
